
Microsoft Visual Studio Solution File, Format Version 12.00
# Visual Studio Version 16
VisualStudioVersion = 16.0.30413.136
MinimumVisualStudioVersion = 10.0.40219.1
Project("{9A19103F-16F7-4668-BE54-9A1E7A4F7556}") = "notes", "notes.csproj", "{B8CE52BE-47E2-47FA-8A1A-52C45683EAB8}"
EndProject
Global
	GlobalSection(SolutionConfigurationPlatforms) = preSolution
		Debug|Any CPU = Debug|Any CPU
		Release|Any CPU = Release|Any CPU
	EndGlobalSection
	GlobalSection(ProjectConfigurationPlatforms) = postSolution
		{B8CE52BE-47E2-47FA-8A1A-52C45683EAB8}.Debug|Any CPU.ActiveCfg = Debug|Any CPU
		{B8CE52BE-47E2-47FA-8A1A-52C45683EAB8}.Debug|Any CPU.Build.0 = Debug|Any CPU
		{B8CE52BE-47E2-47FA-8A1A-52C45683EAB8}.Release|Any CPU.ActiveCfg = Release|Any CPU
		{B8CE52BE-47E2-47FA-8A1A-52C45683EAB8}.Release|Any CPU.Build.0 = Release|Any CPU
	EndGlobalSection
	GlobalSection(SolutionProperties) = preSolution
		HideSolutionNode = FALSE
	EndGlobalSection
	GlobalSection(ExtensibilityGlobals) = postSolution
		SolutionGuid = {4D335DAC-5C99-40CB-91EB-306677978D34}
	EndGlobalSection
EndGlobal
